// !$*UTF8*$!
{
	archiveVersion = 1;
	classes = {
	};
	objectVersion = 46;
	objects = {

/* Begin PBXBuildFile section */
		D1B92ED41B8A04CD0042010D /* AppDelegate.swift in Sources */ = {isa = PBXBuildFile; fileRef = D1B92ED31B8A04CD0042010D /* AppDelegate.swift */; };
		D1B92ED61B8A04CD0042010D /* ViewController.swift in Sources */ = {isa = PBXBuildFile; fileRef = D1B92ED51B8A04CD0042010D /* ViewController.swift */; };
		D1B92ED91B8A04CD0042010D /* Main.storyboard in Resources */ = {isa = PBXBuildFile; fileRef = D1B92ED71B8A04CD0042010D /* Main.storyboard */; };
		D1B92EDB1B8A04CD0042010D /* Assets.xcassets in Resources */ = {isa = PBXBuildFile; fileRef = D1B92EDA1B8A04CD0042010D /* Assets.xcassets */; };
		D1B92EDE1B8A04CD0042010D /* LaunchScreen.storyboard in Resources */ = {isa = PBXBuildFile; fileRef = D1B92EDC1B8A04CD0042010D /* LaunchScreen.storyboard */; };
/* End PBXBuildFile section */

/* Begin PBXFileReference section */
		D1B92ED01B8A04CD0042010D /* weather.app */ = {isa = PBXFileReference; explicitFileType = wrapper.application; includeInIndex = 0; path = weather.app; sourceTree = BUILT_PRODUCTS_DIR; };
		D1B92ED31B8A04CD0042010D /* AppDelegate.swift */ = {isa = PBXFileReference; lastKnownFileType = sourcecode.swift; path = AppDelegate.swift; sourceTree = "<group>"; };
		D1B92ED51B8A04CD0042010D /* ViewController.swift */ = {isa = PBXFileReference; lastKnownFileType = sourcecode.swift; path = ViewController.swift; sourceTree = "<group>"; };
		D1B92ED81B8A04CD0042010D /* Base */ = {isa = PBXFileReference; lastKnownFileType = file.storyboard; name = Base; path = Base.lproj/Main.storyboard; sourceTree = "<group>"; };
		D1B92EDA1B8A04CD0042010D /* Assets.xcassets */ = {isa = PBXFileReference; lastKnownFileType = folder.assetcatalog; path = Assets.xcassets; sourceTree = "<group>"; };
		D1B92EDD1B8A04CD0042010D /* Base */ = {isa = PBXFileReference; lastKnownFileType = file.storyboard; name = Base; path = Base.lproj/LaunchScreen.storyboard; sourceTree = "<group>"; };
		D1B92EDF1B8A04CD0042010D /* Info.plist */ = {isa = PBXFileReference; lastKnownFileType = text.plist.xml; path = Info.plist; sourceTree = "<group>"; };
/* End PBXFileReference section */

/* Begin PBXFrameworksBuildPhase section */
		D1B92ECD1B8A04CD0042010D /* Frameworks */ = {
			isa = PBXFrameworksBuildPhase;
			buildActionMask = 2147483647;
			files = (
			);
			runOnlyForDeploymentPostprocessing = 0;
		};
/* End PBXFrameworksBuildPhase section */

/* Begin PBXGroup section */
		D1B92EC71B8A04CD0042010D = {
			isa = PBXGroup;
			children = (
				D1B92ED21B8A04CD0042010D /* weather */,
				D1B92ED11B8A04CD0042010D /* Products */,
			);
			sourceTree = "<group>";
		};
		D1B92ED11B8A04CD0042010D /* Products */ = {
			isa = PBXGroup;
			children = (
				D1B92ED01B8A04CD0042010D /* weather.app */,
			);
			name = Products;
			sourceTree = "<group>";
		};
		D1B92ED21B8A04CD0042010D /* weather */ = {
			isa = PBXGroup;
			children = (
				D1B92ED31B8A04CD0042010D /* AppDelegate.swift */,
				D1B92ED51B8A04CD0042010D /* ViewController.swift */,
				D1B92ED71B8A04CD0042010D /* Main.storyboard */,
				D1B92EDA1B8A04CD0042010D /* Assets.xcassets */,
				D1B92EDC1B8A04CD0042010D /* LaunchScreen.storyboard */,
				D1B92EDF1B8A04CD0042010D /* Info.plist */,
			);
			path = weather;
			sourceTree = "<group>";
		};
/* End PBXGroup section */

/* Begin PBXNativeTarget section */
		D1B92ECF1B8A04CD0042010D /* weather */ = {
			isa = PBXNativeTarget;
			buildConfigurationList = D1B92EE21B8A04CD0042010D /* Build configuration list for PBXNativeTarget "weather" */;
			buildPhases = (
				D1B92ECC1B8A04CD0042010D /* Sources */,
				D1B92ECD1B8A04CD0042010D /* Frameworks */,
				D1B92ECE1B8A04CD0042010D /* Resources */,
			);
			buildRules = (
			);
			dependencies = (
			);
			name = weather;
			productName = weather;
			productReference = D1B92ED01B8A04CD0042010D /* weather.app */;
			productType = "com.apple.product-type.application";
		};
/* End PBXNativeTarget section */

/* Begin PBXProject section */
		D1B92EC81B8A04CD0042010D /* Project object */ = {
			isa = PBXProject;
			attributes = {
				LastUpgradeCheck = 0700;
				ORGANIZATIONNAME = gaoryrt;
				TargetAttributes = {
					D1B92ECF1B8A04CD0042010D = {
						CreatedOnToolsVersion = 7.0;
						DevelopmentTeam = P3PBS3DUV3;
					};
				};
			};
			buildConfigurationList = D1B92ECB1B8A04CD0042010D /* Build configuration list for PBXProject "weather" */;
			compatibilityVersion = "Xcode 3.2";
			developmentRegion = English;
			hasScannedForEncodings = 0;
			knownRegions = (
				en,
				Base,
			);
			mainGroup = D1B92EC71B8A04CD0042010D;
			productRefGroup = D1B92ED11B8A04CD0042010D /* Products */;
			projectDirPath = "";
			projectRoot = "";
			targets = (
				D1B92ECF1B8A04CD0042010D /* weather */,
			);
		};
/* End PBXProject section */

/* Begin PBXResourcesBuildPhase section */
		D1B92ECE1B8A04CD0042010D /* Resources */ = {
			isa = PBXResourcesBuildPhase;
			buildActionMask = 2147483647;
			files = (
				D1B92EDE1B8A04CD0042010D /* LaunchScreen.storyboard in Resources */,
				D1B92EDB1B8A04CD0042010D /* Assets.xcassets in Resources */,
				D1B92ED91B8A04CD0042010D /* Main.storyboard in Resources */,
			);
			runOnlyForDeploymentPostprocessing = 0;
		};
/* End PBXResourcesBuildPhase section */

/* Begin PBXSourcesBuildPhase section */
		D1B92ECC1B8A04CD0042010D /* Sources */ = {
			isa = PBXSourcesBuildPhase;
			buildActionMask = 2147483647;
			files = (
				D1B92ED61B8A04CD0042010D /* ViewController.swift in Sources */,
				D1B92ED41B8A04CD0042010D /* AppDelegate.swift in Sources */,
			);
			runOnlyForDeploymentPostprocessing = 0;
		};
/* End PBXSourcesBuildPhase section */

/* Begin PBXVariantGroup section */
		D1B92ED71B8A04CD0042010D /* Main.storyboard */ = {
			isa = PBXVariantGroup;
			children = (
				D1B92ED81B8A04CD0042010D /* Base */,
			);
			name = Main.storyboard;
			sourceTree = "<group>";
		};
		D1B92EDC1B8A04CD0042010D /* LaunchScreen.storyboard */ = {
			isa = PBXVariantGroup;
			children = (
				D1B92EDD1B8A04CD0042010D /* Base */,
			);
			name = LaunchScreen.storyboard;
			sourceTree = "<group>";
		};
/* End PBXVariantGroup section */

/* Begin XCBuildConfiguration section */
		D1B92EE01B8A04CD0042010D /* Debug */ = {
			isa = XCBuildConfiguration;
			buildSettings = {
				ALWAYS_SEARCH_USER_PATHS = NO;
				CLANG_CXX_LANGUAGE_STANDARD = "gnu++0x";
				CLANG_CXX_LIBRARY = "libc++";
				CLANG_ENABLE_MODULES = YES;
				CLANG_ENABLE_OBJC_ARC = YES;
				CLANG_WARN_BOOL_CONVERSION = YES;
				CLANG_WARN_CONSTANT_CONVERSION = YES;
				CLANG_WARN_DIRECT_OBJC_ISA_USAGE = YES_ERROR;
				CLANG_WARN_EMPTY_BODY = YES;
				CLANG_WARN_ENUM_CONVERSION = YES;
				CLANG_WARN_INT_CONVERSION = YES;
				CLANG_WARN_OBJC_ROOT_CLASS = YES_ERROR;
				CLANG_WARN_UNREACHABLE_CODE = YES;
				CLANG_WARN__DUPLICATE_METHOD_MATCH = YES;
				"CODE_SIGN_IDENTITY[sdk=iphoneos*]" = "iPhone Developer";
				COPY_PHASE_STRIP = NO;
				DEBUG_INFORMATION_FORMAT = dwarf;
				ENABLE_STRICT_OBJC_MSGSEND = YES;
				ENABLE_TESTABILITY = YES;
				GCC_C_LANGUAGE_STANDARD = gnu99;
				GCC_DYNAMIC_NO_PIC = NO;
				GCC_NO_COMMON_BLOCKS = YES;
				GCC_OPTIMIZATION_LEVEL = 0;
				GCC_PREPROCESSOR_DEFINITIONS = (
					"DEBUG=1",
					"$(inherited)",
				);
				GCC_WARN_64_TO_32_BIT_CONVERSION = YES;
				GCC_WARN_ABOUT_RETURN_TYPE = YES_ERROR;
				GCC_WARN_UNDECLARED_SELECTOR = YES;
				GCC_WARN_UNINITIALIZED_AUTOS = YES_AGGRESSIVE;
				GCC_WARN_UNUSED_FUNCTION = YES;
				GCC_WARN_UNUSED_VARIABLE = YES;
				IPHONEOS_DEPLOYMENT_TARGET = 9.0;
				MTL_ENABLE_DEBUG_INFO = YES;
				ONLY_ACTIVE_ARCH = YES;
				SDKROOT = iphoneos;
				SWIFT_OPTIMIZATION_LEVEL = "-Onone";
			};
			name = Debug;
		};
		D1B92EE11B8A04CD0042010D /* Release */ = {
			isa = XCBuildConfiguration;
			buildSettings = {
				ALWAYS_SEARCH_USER_PATHS = NO;
				CLANG_CXX_LANGUAGE_STANDARD = "gnu++0x";
				CLANG_CXX_LIBRARY = "libc++";
				CLANG_ENABLE_MODULES = YES;
				CLANG_ENABLE_OBJC_ARC = YES;
				CLANG_WARN_BOOL_CONVERSION = YES;
				CLANG_WARN_CONSTANT_CONVERSION = YES;
				CLANG_WARN_DIRECT_OBJC_ISA_USAGE = YES_ERROR;
				CLANG_WARN_EMPTY_BODY = YES;
				CLANG_WARN_ENUM_CONVERSION = YES;
				CLANG_WARN_INT_CONVERSION = YES;
				CLANG_WARN_OBJC_ROOT_CLASS = YES_ERROR;
				CLANG_WARN_UNREACHABLE_CODE = YES;
				CLANG_WARN__DUPLICATE_METHOD_MATCH = YES;
				"CODE_SIGN_IDENTITY[sdk=iphoneos*]" = "iPhone Developer";
				COPY_PHASE_STRIP = NO;
				DEBUG_INFORMATION_FORMAT = "dwarf-with-dsym";
				ENABLE_NS_ASSERTIONS = NO;
				ENABLE_STRICT_OBJC_MSGSEND = YES;
				GCC_C_LANGUAGE_STANDARD = gnu99;
				GCC_NO_COMMON_BLOCKS = YES;
				GCC_WARN_64_TO_32_BIT_CONVERSION = YES;
				GCC_WARN_ABOUT_RETURN_TYPE = YES_ERROR;
				GCC_WARN_UNDECLARED_SELECTOR = YES;
				GCC_WARN_UNINITIALIZED_AUTOS = YES_AGGRESSIVE;
				GCC_WARN_UNUSED_FUNCTION = YES;
				GCC_WARN_UNUSED_VARIABLE = YES;
				IPHONEOS_DEPLOYMENT_TARGET = 9.0;
				MTL_ENABLE_DEBUG_INFO = NO;
				SDKROOT = iphoneos;
				VALIDATE_PRODUCT = YES;
			};
			name = Release;
		};
		D1B92EE31B8A04CD0042010D /* Debug */ = {
			isa = XCBuildConfiguration;
			buildSettings = {
				ASSETCATALOG_COMPILER_APPICON_NAME = AppIcon;
				INFOPLIST_FILE = weather/Info.plist;
				IPHONEOS_DEPLOYMENT_TARGET = 8.4;
				LD_RUNPATH_SEARCH_PATHS = "$(inherited) @executable_path/Frameworks";
				PRODUCT_BUNDLE_IDENTIFIER = gaoryrt.weather;
				PRODUCT_NAME = "$(TARGET_NAME)";
			};
			name = Debug;
		};
		D1B92EE41B8A04CD0042010D /* Release */ = {
			isa = XCBuildConfiguration;
			buildSettings = {
				ASSETCATALOG_COMPILER_APPICON_NAME = AppIcon;
				INFOPLIST_FILE = weather/Info.plist;
				IPHONEOS_DEPLOYMENT_TARGET = 8.4;
				LD_RUNPATH_SEARCH_PATHS = "$(inherited) @executable_path/Frameworks";
				PRODUCT_BUNDLE_IDENTIFIER = gaoryrt.weather;
				PRODUCT_NAME = "$(TARGET_NAME)";
			};
			name = Release;
		};
/* End XCBuildConfiguration section */

/* Begin XCConfigurationList section */
		D1B92ECB1B8A04CD0042010D /* Build configuration list for PBXProject "weather" */ = {
			isa = XCConfigurationList;
			buildConfigurations = (
				D1B92EE01B8A04CD0042010D /* Debug */,
				D1B92EE11B8A04CD0042010D /* Release */,
			);
			defaultConfigurationIsVisible = 0;
			defaultConfigurationName = Release;
		};
		D1B92EE21B8A04CD0042010D /* Build configuration list for PBXNativeTarget "weather" */ = {
			isa = XCConfigurationList;
			buildConfigurations = (
				D1B92EE31B8A04CD0042010D /* Debug */,
				D1B92EE41B8A04CD0042010D /* Release */,
			);
			defaultConfigurationIsVisible = 0;
			defaultConfigurationName = Release;
		};
/* End XCConfigurationList section */
	};
	rootObject = D1B92EC81B8A04CD0042010D /* Project object */;
}
